
Microsoft Visual Studio Solution File, Format Version 12.00
# Visual Studio 15
VisualStudioVersion = 15.0.28307.168
MinimumVisualStudioVersion = 10.0.40219.1
Project("{FAE04EC0-301F-11D3-BF4B-00C04F79EFBC}") = "BasicsEx7", "BasicsEx7\BasicsEx7.csproj", "{C490851A-9E2A-47D7-BE43-718A03305EF9}"
EndProject
Global
	GlobalSection(SolutionConfigurationPlatforms) = preSolution
		Debug|Any CPU = Debug|Any CPU
		Release|Any CPU = Release|Any CPU
	EndGlobalSection
	GlobalSection(ProjectConfigurationPlatforms) = postSolution
		{C490851A-9E2A-47D7-BE43-718A03305EF9}.Debug|Any CPU.ActiveCfg = Debug|Any CPU
		{C490851A-9E2A-47D7-BE43-718A03305EF9}.Debug|Any CPU.Build.0 = Debug|Any CPU
		{C490851A-9E2A-47D7-BE43-718A03305EF9}.Release|Any CPU.ActiveCfg = Release|Any CPU
		{C490851A-9E2A-47D7-BE43-718A03305EF9}.Release|Any CPU.Build.0 = Release|Any CPU
	EndGlobalSection
	GlobalSection(SolutionProperties) = preSolution
		HideSolutionNode = FALSE
	EndGlobalSection
	GlobalSection(ExtensibilityGlobals) = postSolution
		SolutionGuid = {1C97FF87-2772-493F-9ACF-E376AB0A6C6A}
	EndGlobalSection
EndGlobal
