
Microsoft Visual Studio Solution File, Format Version 12.00
# Visual Studio 15
VisualStudioVersion = 15.0.28307.168
MinimumVisualStudioVersion = 10.0.40219.1
Project("{FAE04EC0-301F-11D3-BF4B-00C04F79EFBC}") = "BasicsEx1", "BasicsEx1\BasicsEx1.csproj", "{5E54724C-8B58-4038-8873-40CB50AAFDA7}"
EndProject
Global
	GlobalSection(SolutionConfigurationPlatforms) = preSolution
		Debug|Any CPU = Debug|Any CPU
		Release|Any CPU = Release|Any CPU
	EndGlobalSection
	GlobalSection(ProjectConfigurationPlatforms) = postSolution
		{5E54724C-8B58-4038-8873-40CB50AAFDA7}.Debug|Any CPU.ActiveCfg = Debug|Any CPU
		{5E54724C-8B58-4038-8873-40CB50AAFDA7}.Debug|Any CPU.Build.0 = Debug|Any CPU
		{5E54724C-8B58-4038-8873-40CB50AAFDA7}.Release|Any CPU.ActiveCfg = Release|Any CPU
		{5E54724C-8B58-4038-8873-40CB50AAFDA7}.Release|Any CPU.Build.0 = Release|Any CPU
	EndGlobalSection
	GlobalSection(SolutionProperties) = preSolution
		HideSolutionNode = FALSE
	EndGlobalSection
	GlobalSection(ExtensibilityGlobals) = postSolution
		SolutionGuid = {F767805B-F300-4E98-99C3-D9608ECC1CAB}
	EndGlobalSection
EndGlobal
